
Microsoft Visual Studio Solution File, Format Version 12.00
# Visual Studio Version 17
VisualStudioVersion = 17.0.31903.59
MinimumVisualStudioVersion = 10.0.40219.1
Project("{FAE04EC0-301F-11D3-BF4B-00C04F79EFBC}") = "Vocabulary.API", "VocabularyModule\Vocabulary.API\Vocabulary.API.csproj", "{702A0FE5-62FD-4826-9EE6-3B6BA57CEB82}"
EndProject
Project("{FAE04EC0-301F-11D3-BF4B-00C04F79EFBC}") = "Vocabulary.Core", "VocabularyModule\Vocabulary.Core\Vocabulary.Core.csproj", "{C286E22C-8874-41BF-8B4A-68696114AF28}"
EndProject
Project("{FAE04EC0-301F-11D3-BF4B-00C04F79EFBC}") = "Vocabulary.Infrastructure", "VocabularyModule\Vocabulary.Infrastructure\Vocabulary.Infrastructure.csproj", "{D3374BFF-4A49-4EA8-80A9-62EA2543D0CC}"
EndProject
Project("{2150E333-8FDC-42A3-9474-1A3956D46DE8}") = "VocabularyModule", "VocabularyModule", "{D1D01A23-B6B4-D415-01C9-F97D7EF66DF7}"
EndProject
Project("{FAE04EC0-301F-11D3-BF4B-00C04F79EFBC}") = "Vocabulary.Application", "VocabularyModule\Vocabulary.Application\Vocabulary.Application.csproj", "{52ED0195-B769-4BAC-8AEF-CA4328EB4A0A}"
EndProject
Global
	GlobalSection(SolutionConfigurationPlatforms) = preSolution
		Debug|Any CPU = Debug|Any CPU
		Debug|x64 = Debug|x64
		Debug|x86 = Debug|x86
		Release|Any CPU = Release|Any CPU
		Release|x64 = Release|x64
		Release|x86 = Release|x86
	EndGlobalSection
	GlobalSection(ProjectConfigurationPlatforms) = postSolution
		{702A0FE5-62FD-4826-9EE6-3B6BA57CEB82}.Debug|Any CPU.ActiveCfg = Debug|Any CPU
		{702A0FE5-62FD-4826-9EE6-3B6BA57CEB82}.Debug|Any CPU.Build.0 = Debug|Any CPU
		{702A0FE5-62FD-4826-9EE6-3B6BA57CEB82}.Debug|x64.ActiveCfg = Debug|Any CPU
		{702A0FE5-62FD-4826-9EE6-3B6BA57CEB82}.Debug|x64.Build.0 = Debug|Any CPU
		{702A0FE5-62FD-4826-9EE6-3B6BA57CEB82}.Debug|x86.ActiveCfg = Debug|Any CPU
		{702A0FE5-62FD-4826-9EE6-3B6BA57CEB82}.Debug|x86.Build.0 = Debug|Any CPU
		{702A0FE5-62FD-4826-9EE6-3B6BA57CEB82}.Release|Any CPU.ActiveCfg = Release|Any CPU
		{702A0FE5-62FD-4826-9EE6-3B6BA57CEB82}.Release|Any CPU.Build.0 = Release|Any CPU
		{702A0FE5-62FD-4826-9EE6-3B6BA57CEB82}.Release|x64.ActiveCfg = Release|Any CPU
		{702A0FE5-62FD-4826-9EE6-3B6BA57CEB82}.Release|x64.Build.0 = Release|Any CPU
		{702A0FE5-62FD-4826-9EE6-3B6BA57CEB82}.Release|x86.ActiveCfg = Release|Any CPU
		{702A0FE5-62FD-4826-9EE6-3B6BA57CEB82}.Release|x86.Build.0 = Release|Any CPU
		{C286E22C-8874-41BF-8B4A-68696114AF28}.Debug|Any CPU.ActiveCfg = Debug|Any CPU
		{C286E22C-8874-41BF-8B4A-68696114AF28}.Debug|Any CPU.Build.0 = Debug|Any CPU
		{C286E22C-8874-41BF-8B4A-68696114AF28}.Debug|x64.ActiveCfg = Debug|Any CPU
		{C286E22C-8874-41BF-8B4A-68696114AF28}.Debug|x64.Build.0 = Debug|Any CPU
		{C286E22C-8874-41BF-8B4A-68696114AF28}.Debug|x86.ActiveCfg = Debug|Any CPU
		{C286E22C-8874-41BF-8B4A-68696114AF28}.Debug|x86.Build.0 = Debug|Any CPU
		{C286E22C-8874-41BF-8B4A-68696114AF28}.Release|Any CPU.ActiveCfg = Release|Any CPU
		{C286E22C-8874-41BF-8B4A-68696114AF28}.Release|Any CPU.Build.0 = Release|Any CPU
		{C286E22C-8874-41BF-8B4A-68696114AF28}.Release|x64.ActiveCfg = Release|Any CPU
		{C286E22C-8874-41BF-8B4A-68696114AF28}.Release|x64.Build.0 = Release|Any CPU
		{C286E22C-8874-41BF-8B4A-68696114AF28}.Release|x86.ActiveCfg = Release|Any CPU
		{C286E22C-8874-41BF-8B4A-68696114AF28}.Release|x86.Build.0 = Release|Any CPU
		{D3374BFF-4A49-4EA8-80A9-62EA2543D0CC}.Debug|Any CPU.ActiveCfg = Debug|Any CPU
		{D3374BFF-4A49-4EA8-80A9-62EA2543D0CC}.Debug|Any CPU.Build.0 = Debug|Any CPU
		{D3374BFF-4A49-4EA8-80A9-62EA2543D0CC}.Debug|x64.ActiveCfg = Debug|Any CPU
		{D3374BFF-4A49-4EA8-80A9-62EA2543D0CC}.Debug|x64.Build.0 = Debug|Any CPU
		{D3374BFF-4A49-4EA8-80A9-62EA2543D0CC}.Debug|x86.ActiveCfg = Debug|Any CPU
		{D3374BFF-4A49-4EA8-80A9-62EA2543D0CC}.Debug|x86.Build.0 = Debug|Any CPU
		{D3374BFF-4A49-4EA8-80A9-62EA2543D0CC}.Release|Any CPU.ActiveCfg = Release|Any CPU
		{D3374BFF-4A49-4EA8-80A9-62EA2543D0CC}.Release|Any CPU.Build.0 = Release|Any CPU
		{D3374BFF-4A49-4EA8-80A9-62EA2543D0CC}.Release|x64.ActiveCfg = Release|Any CPU
		{D3374BFF-4A49-4EA8-80A9-62EA2543D0CC}.Release|x64.Build.0 = Release|Any CPU
		{D3374BFF-4A49-4EA8-80A9-62EA2543D0CC}.Release|x86.ActiveCfg = Release|Any CPU
		{D3374BFF-4A49-4EA8-80A9-62EA2543D0CC}.Release|x86.Build.0 = Release|Any CPU
		{52ED0195-B769-4BAC-8AEF-CA4328EB4A0A}.Debug|Any CPU.ActiveCfg = Debug|Any CPU
		{52ED0195-B769-4BAC-8AEF-CA4328EB4A0A}.Debug|Any CPU.Build.0 = Debug|Any CPU
		{52ED0195-B769-4BAC-8AEF-CA4328EB4A0A}.Debug|x64.ActiveCfg = Debug|Any CPU
		{52ED0195-B769-4BAC-8AEF-CA4328EB4A0A}.Debug|x64.Build.0 = Debug|Any CPU
		{52ED0195-B769-4BAC-8AEF-CA4328EB4A0A}.Debug|x86.ActiveCfg = Debug|Any CPU
		{52ED0195-B769-4BAC-8AEF-CA4328EB4A0A}.Debug|x86.Build.0 = Debug|Any CPU
		{52ED0195-B769-4BAC-8AEF-CA4328EB4A0A}.Release|Any CPU.ActiveCfg = Release|Any CPU
		{52ED0195-B769-4BAC-8AEF-CA4328EB4A0A}.Release|Any CPU.Build.0 = Release|Any CPU
		{52ED0195-B769-4BAC-8AEF-CA4328EB4A0A}.Release|x64.ActiveCfg = Release|Any CPU
		{52ED0195-B769-4BAC-8AEF-CA4328EB4A0A}.Release|x64.Build.0 = Release|Any CPU
		{52ED0195-B769-4BAC-8AEF-CA4328EB4A0A}.Release|x86.ActiveCfg = Release|Any CPU
		{52ED0195-B769-4BAC-8AEF-CA4328EB4A0A}.Release|x86.Build.0 = Release|Any CPU
	EndGlobalSection
	GlobalSection(SolutionProperties) = preSolution
		HideSolutionNode = FALSE
	EndGlobalSection
	GlobalSection(NestedProjects) = preSolution
		{52ED0195-B769-4BAC-8AEF-CA4328EB4A0A} = {D1D01A23-B6B4-D415-01C9-F97D7EF66DF7}
	EndGlobalSection
EndGlobal
